
Microsoft Visual Studio Solution File, Format Version 12.00
# Visual Studio Version 16
VisualStudioVersion = 16.0.32413.511
MinimumVisualStudioVersion = 10.0.40219.1
Project("{FAE04EC0-301F-11D3-BF4B-00C04F79EFBC}") = "Pharmacie", "Pharmacie\Pharmacie.csproj", "{4AD8C3E1-CC2B-4D6E-8D02-D7013C2469DA}"
EndProject
Global
	GlobalSection(SolutionConfigurationPlatforms) = preSolution
		Debug|Any CPU = Debug|Any CPU
		Release|Any CPU = Release|Any CPU
	EndGlobalSection
	GlobalSection(ProjectConfigurationPlatforms) = postSolution
		{4AD8C3E1-CC2B-4D6E-8D02-D7013C2469DA}.Debug|Any CPU.ActiveCfg = Debug|Any CPU
		{4AD8C3E1-CC2B-4D6E-8D02-D7013C2469DA}.Debug|Any CPU.Build.0 = Debug|Any CPU
		{4AD8C3E1-CC2B-4D6E-8D02-D7013C2469DA}.Release|Any CPU.ActiveCfg = Release|Any CPU
		{4AD8C3E1-CC2B-4D6E-8D02-D7013C2469DA}.Release|Any CPU.Build.0 = Release|Any CPU
	EndGlobalSection
	GlobalSection(SolutionProperties) = preSolution
		HideSolutionNode = FALSE
	EndGlobalSection
	GlobalSection(ExtensibilityGlobals) = postSolution
		SolutionGuid = {6EAD170C-6F8D-4211-A086-9D5D317DC03D}
	EndGlobalSection
EndGlobal
